
Microsoft Visual Studio Solution File, Format Version 12.00
# Visual Studio Version 17
VisualStudioVersion = 17.4.33213.308
MinimumVisualStudioVersion = 10.0.40219.1
Project("{FAE04EC0-301F-11D3-BF4B-00C04F79EFBC}") = "Logistic.ConsoleClient", "Logistic\Logistic.ConsoleClient.csproj", "{1E0EADBD-7919-4956-8923-85E33CC7D291}"
EndProject
Global
	GlobalSection(SolutionConfigurationPlatforms) = preSolution
		Debug|Any CPU = Debug|Any CPU
		Release|Any CPU = Release|Any CPU
	EndGlobalSection
	GlobalSection(ProjectConfigurationPlatforms) = postSolution
		{1E0EADBD-7919-4956-8923-85E33CC7D291}.Debug|Any CPU.ActiveCfg = Debug|Any CPU
		{1E0EADBD-7919-4956-8923-85E33CC7D291}.Debug|Any CPU.Build.0 = Debug|Any CPU
		{1E0EADBD-7919-4956-8923-85E33CC7D291}.Release|Any CPU.ActiveCfg = Release|Any CPU
		{1E0EADBD-7919-4956-8923-85E33CC7D291}.Release|Any CPU.Build.0 = Release|Any CPU
	EndGlobalSection
	GlobalSection(SolutionProperties) = preSolution
		HideSolutionNode = FALSE
	EndGlobalSection
	GlobalSection(ExtensibilityGlobals) = postSolution
		SolutionGuid = {0D070224-8A32-4729-A64D-B15851E78BCD}
	EndGlobalSection
EndGlobal
