
Microsoft Visual Studio Solution File, Format Version 12.00
# Visual Studio Version 17
VisualStudioVersion = 17.4.33213.308
MinimumVisualStudioVersion = 10.0.40219.1
Project("{9A19103F-16F7-4668-BE54-9A1E7A4F7556}") = "Logistic.Core", "Logistic.Core\Logistic.Core.csproj", "{3D7F9A80-9742-4BE4-A5BF-458AB25048F6}"
EndProject
Project("{9A19103F-16F7-4668-BE54-9A1E7A4F7556}") = "Logistic.Models", "Logistic.Models\Logistic.Models.csproj", "{05335F56-FD80-4D96-B88B-9F6EF8D35167}"
EndProject
Project("{9A19103F-16F7-4668-BE54-9A1E7A4F7556}") = "Logistic.DAL", "Logistic.DAL\Logistic.DAL.csproj", "{F438F62E-AEC6-486B-B17C-25D52DFACD8F}"
EndProject
Project("{9A19103F-16F7-4668-BE54-9A1E7A4F7556}") = "Logistic.WpfClient", "Logistic.WpfClient\Logistic.WpfClient.csproj", "{4D8B48F0-A2EC-42A7-80BC-E037A95835AA}"
EndProject
Global
	GlobalSection(SolutionConfigurationPlatforms) = preSolution
		Debug|Any CPU = Debug|Any CPU
		Release|Any CPU = Release|Any CPU
	EndGlobalSection
	GlobalSection(ProjectConfigurationPlatforms) = postSolution
		{3D7F9A80-9742-4BE4-A5BF-458AB25048F6}.Debug|Any CPU.ActiveCfg = Debug|Any CPU
		{3D7F9A80-9742-4BE4-A5BF-458AB25048F6}.Debug|Any CPU.Build.0 = Debug|Any CPU
		{3D7F9A80-9742-4BE4-A5BF-458AB25048F6}.Release|Any CPU.ActiveCfg = Release|Any CPU
		{3D7F9A80-9742-4BE4-A5BF-458AB25048F6}.Release|Any CPU.Build.0 = Release|Any CPU
		{05335F56-FD80-4D96-B88B-9F6EF8D35167}.Debug|Any CPU.ActiveCfg = Debug|Any CPU
		{05335F56-FD80-4D96-B88B-9F6EF8D35167}.Debug|Any CPU.Build.0 = Debug|Any CPU
		{05335F56-FD80-4D96-B88B-9F6EF8D35167}.Release|Any CPU.ActiveCfg = Release|Any CPU
		{05335F56-FD80-4D96-B88B-9F6EF8D35167}.Release|Any CPU.Build.0 = Release|Any CPU
		{F438F62E-AEC6-486B-B17C-25D52DFACD8F}.Debug|Any CPU.ActiveCfg = Debug|Any CPU
		{F438F62E-AEC6-486B-B17C-25D52DFACD8F}.Debug|Any CPU.Build.0 = Debug|Any CPU
		{F438F62E-AEC6-486B-B17C-25D52DFACD8F}.Release|Any CPU.ActiveCfg = Release|Any CPU
		{F438F62E-AEC6-486B-B17C-25D52DFACD8F}.Release|Any CPU.Build.0 = Release|Any CPU
		{4D8B48F0-A2EC-42A7-80BC-E037A95835AA}.Debug|Any CPU.ActiveCfg = Debug|Any CPU
		{4D8B48F0-A2EC-42A7-80BC-E037A95835AA}.Debug|Any CPU.Build.0 = Debug|Any CPU
		{4D8B48F0-A2EC-42A7-80BC-E037A95835AA}.Release|Any CPU.ActiveCfg = Release|Any CPU
		{4D8B48F0-A2EC-42A7-80BC-E037A95835AA}.Release|Any CPU.Build.0 = Release|Any CPU
	EndGlobalSection
	GlobalSection(SolutionProperties) = preSolution
		HideSolutionNode = FALSE
	EndGlobalSection
	GlobalSection(ExtensibilityGlobals) = postSolution
		SolutionGuid = {0D070224-8A32-4729-A64D-B15851E78BCD}
	EndGlobalSection
EndGlobal
